
Microsoft Visual Studio Solution File, Format Version 12.00
# Visual Studio Version 16
VisualStudioVersion = 16.0.31515.178
MinimumVisualStudioVersion = 10.0.40219.1
Project("{FAE04EC0-301F-11D3-BF4B-00C04F79EFBC}") = "Cointosser", "Cointosser\Cointosser.csproj", "{660E03DA-FDFD-4C56-8B79-8E44C2F44AD1}"
EndProject
Global
	GlobalSection(SolutionConfigurationPlatforms) = preSolution
		Debug|Any CPU = Debug|Any CPU
		Release|Any CPU = Release|Any CPU
	EndGlobalSection
	GlobalSection(ProjectConfigurationPlatforms) = postSolution
		{660E03DA-FDFD-4C56-8B79-8E44C2F44AD1}.Debug|Any CPU.ActiveCfg = Debug|Any CPU
		{660E03DA-FDFD-4C56-8B79-8E44C2F44AD1}.Debug|Any CPU.Build.0 = Debug|Any CPU
		{660E03DA-FDFD-4C56-8B79-8E44C2F44AD1}.Release|Any CPU.ActiveCfg = Release|Any CPU
		{660E03DA-FDFD-4C56-8B79-8E44C2F44AD1}.Release|Any CPU.Build.0 = Release|Any CPU
	EndGlobalSection
	GlobalSection(SolutionProperties) = preSolution
		HideSolutionNode = FALSE
	EndGlobalSection
	GlobalSection(ExtensibilityGlobals) = postSolution
		SolutionGuid = {F82A490A-DD89-45C7-BD25-681FAA5CEAB4}
	EndGlobalSection
EndGlobal
